
Microsoft Visual Studio Solution File, Format Version 12.00
# Visual Studio 15
VisualStudioVersion = 15.0.28307.168
MinimumVisualStudioVersion = 10.0.40219.1
Project("{9A19103F-16F7-4668-BE54-9A1E7A4F7556}") = "AurisIdeas.Controls", "AurisIdeas.Controls\AurisIdeas.Controls.csproj", "{4B374F39-B6C5-4180-BDE8-77CB85D11FAF}"
EndProject
Project("{2150E333-8FDC-42A3-9474-1A3956D46DE8}") = "Solution Items", "Solution Items", "{ED1987D3-B4A2-403D-BB5C-303618C9A075}"
	ProjectSection(SolutionItems) = preProject
		ReadMe.md = ReadMe.md
		screenshot_dd.png = screenshot_dd.png
		screenshot_tester.png = screenshot_tester.png
	EndProjectSection
EndProject
Project("{FAE04EC0-301F-11D3-BF4B-00C04F79EFBC}") = "BulletListControlTester.Android", "BulletListControlTester\BulletListControlTester.Android\BulletListControlTester.Android.csproj", "{41E7BE4F-EE62-4B88-83B3-9DD11358D6A8}"
EndProject
Project("{FAE04EC0-301F-11D3-BF4B-00C04F79EFBC}") = "BulletListControlTester.iOS", "BulletListControlTester\BulletListControlTester.iOS\BulletListControlTester.iOS.csproj", "{48F61A25-CBB8-4FF8-836B-B348F47D946A}"
EndProject
Project("{FAE04EC0-301F-11D3-BF4B-00C04F79EFBC}") = "BulletListControlTester.UWP", "BulletListControlTester\BulletListControlTester.UWP\BulletListControlTester.UWP.csproj", "{C482258A-6941-4B7A-906E-C35D1AB2DFF4}"
EndProject
Project("{9A19103F-16F7-4668-BE54-9A1E7A4F7556}") = "BulletListControlTester", "BulletListControlTester\BulletListControlTester\BulletListControlTester.csproj", "{A55BA2F7-1C6D-40CD-ABAB-5B8025993298}"
EndProject
Global
	GlobalSection(SolutionConfigurationPlatforms) = preSolution
		Ad-Hoc|Any CPU = Ad-Hoc|Any CPU
		Ad-Hoc|ARM = Ad-Hoc|ARM
		Ad-Hoc|iPhone = Ad-Hoc|iPhone
		Ad-Hoc|iPhoneSimulator = Ad-Hoc|iPhoneSimulator
		Ad-Hoc|x64 = Ad-Hoc|x64
		Ad-Hoc|x86 = Ad-Hoc|x86
		AppStore|Any CPU = AppStore|Any CPU
		AppStore|ARM = AppStore|ARM
		AppStore|iPhone = AppStore|iPhone
		AppStore|iPhoneSimulator = AppStore|iPhoneSimulator
		AppStore|x64 = AppStore|x64
		AppStore|x86 = AppStore|x86
		Debug|Any CPU = Debug|Any CPU
		Debug|ARM = Debug|ARM
		Debug|iPhone = Debug|iPhone
		Debug|iPhoneSimulator = Debug|iPhoneSimulator
		Debug|x64 = Debug|x64
		Debug|x86 = Debug|x86
		Release|Any CPU = Release|Any CPU
		Release|ARM = Release|ARM
		Release|iPhone = Release|iPhone
		Release|iPhoneSimulator = Release|iPhoneSimulator
		Release|x64 = Release|x64
		Release|x86 = Release|x86
	EndGlobalSection
	GlobalSection(ProjectConfigurationPlatforms) = postSolution
		{4B374F39-B6C5-4180-BDE8-77CB85D11FAF}.Ad-Hoc|Any CPU.ActiveCfg = Release|Any CPU
		{4B374F39-B6C5-4180-BDE8-77CB85D11FAF}.Ad-Hoc|Any CPU.Build.0 = Release|Any CPU
		{4B374F39-B6C5-4180-BDE8-77CB85D11FAF}.Ad-Hoc|ARM.ActiveCfg = Release|Any CPU
		{4B374F39-B6C5-4180-BDE8-77CB85D11FAF}.Ad-Hoc|ARM.Build.0 = Release|Any CPU
		{4B374F39-B6C5-4180-BDE8-77CB85D11FAF}.Ad-Hoc|iPhone.ActiveCfg = Release|Any CPU
		{4B374F39-B6C5-4180-BDE8-77CB85D11FAF}.Ad-Hoc|iPhone.Build.0 = Release|Any CPU
		{4B374F39-B6C5-4180-BDE8-77CB85D11FAF}.Ad-Hoc|iPhoneSimulator.ActiveCfg = Release|Any CPU
		{4B374F39-B6C5-4180-BDE8-77CB85D11FAF}.Ad-Hoc|iPhoneSimulator.Build.0 = Release|Any CPU
		{4B374F39-B6C5-4180-BDE8-77CB85D11FAF}.Ad-Hoc|x64.ActiveCfg = Release|Any CPU
		{4B374F39-B6C5-4180-BDE8-77CB85D11FAF}.Ad-Hoc|x64.Build.0 = Release|Any CPU
		{4B374F39-B6C5-4180-BDE8-77CB85D11FAF}.Ad-Hoc|x86.ActiveCfg = Release|Any CPU
		{4B374F39-B6C5-4180-BDE8-77CB85D11FAF}.Ad-Hoc|x86.Build.0 = Release|Any CPU
		{4B374F39-B6C5-4180-BDE8-77CB85D11FAF}.AppStore|Any CPU.ActiveCfg = Release|Any CPU
		{4B374F39-B6C5-4180-BDE8-77CB85D11FAF}.AppStore|Any CPU.Build.0 = Release|Any CPU
		{4B374F39-B6C5-4180-BDE8-77CB85D11FAF}.AppStore|ARM.ActiveCfg = Release|Any CPU
		{4B374F39-B6C5-4180-BDE8-77CB85D11FAF}.AppStore|ARM.Build.0 = Release|Any CPU
		{4B374F39-B6C5-4180-BDE8-77CB85D11FAF}.AppStore|iPhone.ActiveCfg = Release|Any CPU
		{4B374F39-B6C5-4180-BDE8-77CB85D11FAF}.AppStore|iPhone.Build.0 = Release|Any CPU
		{4B374F39-B6C5-4180-BDE8-77CB85D11FAF}.AppStore|iPhoneSimulator.ActiveCfg = Release|Any CPU
		{4B374F39-B6C5-4180-BDE8-77CB85D11FAF}.AppStore|iPhoneSimulator.Build.0 = Release|Any CPU
		{4B374F39-B6C5-4180-BDE8-77CB85D11FAF}.AppStore|x64.ActiveCfg = Release|Any CPU
		{4B374F39-B6C5-4180-BDE8-77CB85D11FAF}.AppStore|x64.Build.0 = Release|Any CPU
		{4B374F39-B6C5-4180-BDE8-77CB85D11FAF}.AppStore|x86.ActiveCfg = Release|Any CPU
		{4B374F39-B6C5-4180-BDE8-77CB85D11FAF}.AppStore|x86.Build.0 = Release|Any CPU
		{4B374F39-B6C5-4180-BDE8-77CB85D11FAF}.Debug|Any CPU.ActiveCfg = Debug|Any CPU
		{4B374F39-B6C5-4180-BDE8-77CB85D11FAF}.Debug|Any CPU.Build.0 = Debug|Any CPU
		{4B374F39-B6C5-4180-BDE8-77CB85D11FAF}.Debug|ARM.ActiveCfg = Debug|Any CPU
		{4B374F39-B6C5-4180-BDE8-77CB85D11FAF}.Debug|ARM.Build.0 = Debug|Any CPU
		{4B374F39-B6C5-4180-BDE8-77CB85D11FAF}.Debug|iPhone.ActiveCfg = Debug|Any CPU
		{4B374F39-B6C5-4180-BDE8-77CB85D11FAF}.Debug|iPhone.Build.0 = Debug|Any CPU
		{4B374F39-B6C5-4180-BDE8-77CB85D11FAF}.Debug|iPhoneSimulator.ActiveCfg = Debug|Any CPU
		{4B374F39-B6C5-4180-BDE8-77CB85D11FAF}.Debug|iPhoneSimulator.Build.0 = Debug|Any CPU
		{4B374F39-B6C5-4180-BDE8-77CB85D11FAF}.Debug|x64.ActiveCfg = Debug|Any CPU
		{4B374F39-B6C5-4180-BDE8-77CB85D11FAF}.Debug|x64.Build.0 = Debug|Any CPU
		{4B374F39-B6C5-4180-BDE8-77CB85D11FAF}.Debug|x86.ActiveCfg = Debug|Any CPU
		{4B374F39-B6C5-4180-BDE8-77CB85D11FAF}.Debug|x86.Build.0 = Debug|Any CPU
		{4B374F39-B6C5-4180-BDE8-77CB85D11FAF}.Release|Any CPU.ActiveCfg = Release|Any CPU
		{4B374F39-B6C5-4180-BDE8-77CB85D11FAF}.Release|Any CPU.Build.0 = Release|Any CPU
		{4B374F39-B6C5-4180-BDE8-77CB85D11FAF}.Release|ARM.ActiveCfg = Release|Any CPU
		{4B374F39-B6C5-4180-BDE8-77CB85D11FAF}.Release|ARM.Build.0 = Release|Any CPU
		{4B374F39-B6C5-4180-BDE8-77CB85D11FAF}.Release|iPhone.ActiveCfg = Release|Any CPU
		{4B374F39-B6C5-4180-BDE8-77CB85D11FAF}.Release|iPhone.Build.0 = Release|Any CPU
		{4B374F39-B6C5-4180-BDE8-77CB85D11FAF}.Release|iPhoneSimulator.ActiveCfg = Release|Any CPU
		{4B374F39-B6C5-4180-BDE8-77CB85D11FAF}.Release|iPhoneSimulator.Build.0 = Release|Any CPU
		{4B374F39-B6C5-4180-BDE8-77CB85D11FAF}.Release|x64.ActiveCfg = Release|Any CPU
		{4B374F39-B6C5-4180-BDE8-77CB85D11FAF}.Release|x64.Build.0 = Release|Any CPU
		{4B374F39-B6C5-4180-BDE8-77CB85D11FAF}.Release|x86.ActiveCfg = Release|Any CPU
		{4B374F39-B6C5-4180-BDE8-77CB85D11FAF}.Release|x86.Build.0 = Release|Any CPU
		{41E7BE4F-EE62-4B88-83B3-9DD11358D6A8}.Ad-Hoc|Any CPU.ActiveCfg = Release|Any CPU
		{41E7BE4F-EE62-4B88-83B3-9DD11358D6A8}.Ad-Hoc|Any CPU.Build.0 = Release|Any CPU
		{41E7BE4F-EE62-4B88-83B3-9DD11358D6A8}.Ad-Hoc|Any CPU.Deploy.0 = Release|Any CPU
		{41E7BE4F-EE62-4B88-83B3-9DD11358D6A8}.Ad-Hoc|ARM.ActiveCfg = Release|Any CPU
		{41E7BE4F-EE62-4B88-83B3-9DD11358D6A8}.Ad-Hoc|ARM.Build.0 = Release|Any CPU
		{41E7BE4F-EE62-4B88-83B3-9DD11358D6A8}.Ad-Hoc|ARM.Deploy.0 = Release|Any CPU
		{41E7BE4F-EE62-4B88-83B3-9DD11358D6A8}.Ad-Hoc|iPhone.ActiveCfg = Release|Any CPU
		{41E7BE4F-EE62-4B88-83B3-9DD11358D6A8}.Ad-Hoc|iPhone.Build.0 = Release|Any CPU
		{41E7BE4F-EE62-4B88-83B3-9DD11358D6A8}.Ad-Hoc|iPhone.Deploy.0 = Release|Any CPU
		{41E7BE4F-EE62-4B88-83B3-9DD11358D6A8}.Ad-Hoc|iPhoneSimulator.ActiveCfg = Release|Any CPU
		{41E7BE4F-EE62-4B88-83B3-9DD11358D6A8}.Ad-Hoc|iPhoneSimulator.Build.0 = Release|Any CPU
		{41E7BE4F-EE62-4B88-83B3-9DD11358D6A8}.Ad-Hoc|iPhoneSimulator.Deploy.0 = Release|Any CPU
		{41E7BE4F-EE62-4B88-83B3-9DD11358D6A8}.Ad-Hoc|x64.ActiveCfg = Release|Any CPU
		{41E7BE4F-EE62-4B88-83B3-9DD11358D6A8}.Ad-Hoc|x64.Build.0 = Release|Any CPU
		{41E7BE4F-EE62-4B88-83B3-9DD11358D6A8}.Ad-Hoc|x64.Deploy.0 = Release|Any CPU
		{41E7BE4F-EE62-4B88-83B3-9DD11358D6A8}.Ad-Hoc|x86.ActiveCfg = Release|Any CPU
		{41E7BE4F-EE62-4B88-83B3-9DD11358D6A8}.Ad-Hoc|x86.Build.0 = Release|Any CPU
		{41E7BE4F-EE62-4B88-83B3-9DD11358D6A8}.Ad-Hoc|x86.Deploy.0 = Release|Any CPU
		{41E7BE4F-EE62-4B88-83B3-9DD11358D6A8}.AppStore|Any CPU.ActiveCfg = Release|Any CPU
		{41E7BE4F-EE62-4B88-83B3-9DD11358D6A8}.AppStore|Any CPU.Build.0 = Release|Any CPU
		{41E7BE4F-EE62-4B88-83B3-9DD11358D6A8}.AppStore|Any CPU.Deploy.0 = Release|Any CPU
		{41E7BE4F-EE62-4B88-83B3-9DD11358D6A8}.AppStore|ARM.ActiveCfg = Release|Any CPU
		{41E7BE4F-EE62-4B88-83B3-9DD11358D6A8}.AppStore|ARM.Build.0 = Release|Any CPU
		{41E7BE4F-EE62-4B88-83B3-9DD11358D6A8}.AppStore|ARM.Deploy.0 = Release|Any CPU
		{41E7BE4F-EE62-4B88-83B3-9DD11358D6A8}.AppStore|iPhone.ActiveCfg = Release|Any CPU
		{41E7BE4F-EE62-4B88-83B3-9DD11358D6A8}.AppStore|iPhone.Build.0 = Release|Any CPU
		{41E7BE4F-EE62-4B88-83B3-9DD11358D6A8}.AppStore|iPhone.Deploy.0 = Release|Any CPU
		{41E7BE4F-EE62-4B88-83B3-9DD11358D6A8}.AppStore|iPhoneSimulator.ActiveCfg = Release|Any CPU
		{41E7BE4F-EE62-4B88-83B3-9DD11358D6A8}.AppStore|iPhoneSimulator.Build.0 = Release|Any CPU
		{41E7BE4F-EE62-4B88-83B3-9DD11358D6A8}.AppStore|iPhoneSimulator.Deploy.0 = Release|Any CPU
		{41E7BE4F-EE62-4B88-83B3-9DD11358D6A8}.AppStore|x64.ActiveCfg = Release|Any CPU
		{41E7BE4F-EE62-4B88-83B3-9DD11358D6A8}.AppStore|x64.Build.0 = Release|Any CPU
		{41E7BE4F-EE62-4B88-83B3-9DD11358D6A8}.AppStore|x64.Deploy.0 = Release|Any CPU
		{41E7BE4F-EE62-4B88-83B3-9DD11358D6A8}.AppStore|x86.ActiveCfg = Release|Any CPU
		{41E7BE4F-EE62-4B88-83B3-9DD11358D6A8}.AppStore|x86.Build.0 = Release|Any CPU
		{41E7BE4F-EE62-4B88-83B3-9DD11358D6A8}.AppStore|x86.Deploy.0 = Release|Any CPU
		{41E7BE4F-EE62-4B88-83B3-9DD11358D6A8}.Debug|Any CPU.ActiveCfg = Debug|Any CPU
		{41E7BE4F-EE62-4B88-83B3-9DD11358D6A8}.Debug|Any CPU.Build.0 = Debug|Any CPU
		{41E7BE4F-EE62-4B88-83B3-9DD11358D6A8}.Debug|Any CPU.Deploy.0 = Debug|Any CPU
		{41E7BE4F-EE62-4B88-83B3-9DD11358D6A8}.Debug|ARM.ActiveCfg = Debug|Any CPU
		{41E7BE4F-EE62-4B88-83B3-9DD11358D6A8}.Debug|ARM.Build.0 = Debug|Any CPU
		{41E7BE4F-EE62-4B88-83B3-9DD11358D6A8}.Debug|ARM.Deploy.0 = Debug|Any CPU
		{41E7BE4F-EE62-4B88-83B3-9DD11358D6A8}.Debug|iPhone.ActiveCfg = Debug|Any CPU
		{41E7BE4F-EE62-4B88-83B3-9DD11358D6A8}.Debug|iPhone.Build.0 = Debug|Any CPU
		{41E7BE4F-EE62-4B88-83B3-9DD11358D6A8}.Debug|iPhone.Deploy.0 = Debug|Any CPU
		{41E7BE4F-EE62-4B88-83B3-9DD11358D6A8}.Debug|iPhoneSimulator.ActiveCfg = Debug|Any CPU
		{41E7BE4F-EE62-4B88-83B3-9DD11358D6A8}.Debug|iPhoneSimulator.Build.0 = Debug|Any CPU
		{41E7BE4F-EE62-4B88-83B3-9DD11358D6A8}.Debug|iPhoneSimulator.Deploy.0 = Debug|Any CPU
		{41E7BE4F-EE62-4B88-83B3-9DD11358D6A8}.Debug|x64.ActiveCfg = Debug|Any CPU
		{41E7BE4F-EE62-4B88-83B3-9DD11358D6A8}.Debug|x64.Build.0 = Debug|Any CPU
		{41E7BE4F-EE62-4B88-83B3-9DD11358D6A8}.Debug|x64.Deploy.0 = Debug|Any CPU
		{41E7BE4F-EE62-4B88-83B3-9DD11358D6A8}.Debug|x86.ActiveCfg = Debug|Any CPU
		{41E7BE4F-EE62-4B88-83B3-9DD11358D6A8}.Debug|x86.Build.0 = Debug|Any CPU
		{41E7BE4F-EE62-4B88-83B3-9DD11358D6A8}.Debug|x86.Deploy.0 = Debug|Any CPU
		{41E7BE4F-EE62-4B88-83B3-9DD11358D6A8}.Release|Any CPU.ActiveCfg = Release|Any CPU
		{41E7BE4F-EE62-4B88-83B3-9DD11358D6A8}.Release|Any CPU.Build.0 = Release|Any CPU
		{41E7BE4F-EE62-4B88-83B3-9DD11358D6A8}.Release|Any CPU.Deploy.0 = Release|Any CPU
		{41E7BE4F-EE62-4B88-83B3-9DD11358D6A8}.Release|ARM.ActiveCfg = Release|Any CPU
		{41E7BE4F-EE62-4B88-83B3-9DD11358D6A8}.Release|ARM.Build.0 = Release|Any CPU
		{41E7BE4F-EE62-4B88-83B3-9DD11358D6A8}.Release|ARM.Deploy.0 = Release|Any CPU
		{41E7BE4F-EE62-4B88-83B3-9DD11358D6A8}.Release|iPhone.ActiveCfg = Release|Any CPU
		{41E7BE4F-EE62-4B88-83B3-9DD11358D6A8}.Release|iPhone.Build.0 = Release|Any CPU
		{41E7BE4F-EE62-4B88-83B3-9DD11358D6A8}.Release|iPhone.Deploy.0 = Release|Any CPU
		{41E7BE4F-EE62-4B88-83B3-9DD11358D6A8}.Release|iPhoneSimulator.ActiveCfg = Release|Any CPU
		{41E7BE4F-EE62-4B88-83B3-9DD11358D6A8}.Release|iPhoneSimulator.Build.0 = Release|Any CPU
		{41E7BE4F-EE62-4B88-83B3-9DD11358D6A8}.Release|iPhoneSimulator.Deploy.0 = Release|Any CPU
		{41E7BE4F-EE62-4B88-83B3-9DD11358D6A8}.Release|x64.ActiveCfg = Release|Any CPU
		{41E7BE4F-EE62-4B88-83B3-9DD11358D6A8}.Release|x64.Build.0 = Release|Any CPU
		{41E7BE4F-EE62-4B88-83B3-9DD11358D6A8}.Release|x64.Deploy.0 = Release|Any CPU
		{41E7BE4F-EE62-4B88-83B3-9DD11358D6A8}.Release|x86.ActiveCfg = Release|Any CPU
		{41E7BE4F-EE62-4B88-83B3-9DD11358D6A8}.Release|x86.Build.0 = Release|Any CPU
		{41E7BE4F-EE62-4B88-83B3-9DD11358D6A8}.Release|x86.Deploy.0 = Release|Any CPU
		{48F61A25-CBB8-4FF8-836B-B348F47D946A}.Ad-Hoc|Any CPU.ActiveCfg = Ad-Hoc|iPhone
		{48F61A25-CBB8-4FF8-836B-B348F47D946A}.Ad-Hoc|ARM.ActiveCfg = Ad-Hoc|iPhone
		{48F61A25-CBB8-4FF8-836B-B348F47D946A}.Ad-Hoc|iPhone.ActiveCfg = Ad-Hoc|iPhone
		{48F61A25-CBB8-4FF8-836B-B348F47D946A}.Ad-Hoc|iPhone.Build.0 = Ad-Hoc|iPhone
		{48F61A25-CBB8-4FF8-836B-B348F47D946A}.Ad-Hoc|iPhoneSimulator.ActiveCfg = Ad-Hoc|iPhoneSimulator
		{48F61A25-CBB8-4FF8-836B-B348F47D946A}.Ad-Hoc|iPhoneSimulator.Build.0 = Ad-Hoc|iPhoneSimulator
		{48F61A25-CBB8-4FF8-836B-B348F47D946A}.Ad-Hoc|x64.ActiveCfg = Ad-Hoc|iPhone
		{48F61A25-CBB8-4FF8-836B-B348F47D946A}.Ad-Hoc|x86.ActiveCfg = Ad-Hoc|iPhone
		{48F61A25-CBB8-4FF8-836B-B348F47D946A}.AppStore|Any CPU.ActiveCfg = AppStore|iPhone
		{48F61A25-CBB8-4FF8-836B-B348F47D946A}.AppStore|ARM.ActiveCfg = AppStore|iPhone
		{48F61A25-CBB8-4FF8-836B-B348F47D946A}.AppStore|iPhone.ActiveCfg = AppStore|iPhone
		{48F61A25-CBB8-4FF8-836B-B348F47D946A}.AppStore|iPhone.Build.0 = AppStore|iPhone
		{48F61A25-CBB8-4FF8-836B-B348F47D946A}.AppStore|iPhoneSimulator.ActiveCfg = AppStore|iPhoneSimulator
		{48F61A25-CBB8-4FF8-836B-B348F47D946A}.AppStore|iPhoneSimulator.Build.0 = AppStore|iPhoneSimulator
		{48F61A25-CBB8-4FF8-836B-B348F47D946A}.AppStore|x64.ActiveCfg = AppStore|iPhone
		{48F61A25-CBB8-4FF8-836B-B348F47D946A}.AppStore|x86.ActiveCfg = AppStore|iPhone
		{48F61A25-CBB8-4FF8-836B-B348F47D946A}.Debug|Any CPU.ActiveCfg = Debug|iPhone
		{48F61A25-CBB8-4FF8-836B-B348F47D946A}.Debug|ARM.ActiveCfg = Debug|iPhone
		{48F61A25-CBB8-4FF8-836B-B348F47D946A}.Debug|iPhone.ActiveCfg = Debug|iPhone
		{48F61A25-CBB8-4FF8-836B-B348F47D946A}.Debug|iPhone.Build.0 = Debug|iPhone
		{48F61A25-CBB8-4FF8-836B-B348F47D946A}.Debug|iPhoneSimulator.ActiveCfg = Debug|iPhoneSimulator
		{48F61A25-CBB8-4FF8-836B-B348F47D946A}.Debug|iPhoneSimulator.Build.0 = Debug|iPhoneSimulator
		{48F61A25-CBB8-4FF8-836B-B348F47D946A}.Debug|x64.ActiveCfg = Debug|iPhone
		{48F61A25-CBB8-4FF8-836B-B348F47D946A}.Debug|x86.ActiveCfg = Debug|iPhone
		{48F61A25-CBB8-4FF8-836B-B348F47D946A}.Release|Any CPU.ActiveCfg = Release|iPhone
		{48F61A25-CBB8-4FF8-836B-B348F47D946A}.Release|ARM.ActiveCfg = Release|iPhone
		{48F61A25-CBB8-4FF8-836B-B348F47D946A}.Release|iPhone.ActiveCfg = Release|iPhone
		{48F61A25-CBB8-4FF8-836B-B348F47D946A}.Release|iPhone.Build.0 = Release|iPhone
		{48F61A25-CBB8-4FF8-836B-B348F47D946A}.Release|iPhoneSimulator.ActiveCfg = Release|iPhoneSimulator
		{48F61A25-CBB8-4FF8-836B-B348F47D946A}.Release|iPhoneSimulator.Build.0 = Release|iPhoneSimulator
		{48F61A25-CBB8-4FF8-836B-B348F47D946A}.Release|x64.ActiveCfg = Release|iPhone
		{48F61A25-CBB8-4FF8-836B-B348F47D946A}.Release|x86.ActiveCfg = Release|iPhone
		{C482258A-6941-4B7A-906E-C35D1AB2DFF4}.Ad-Hoc|Any CPU.ActiveCfg = Release|x86
		{C482258A-6941-4B7A-906E-C35D1AB2DFF4}.Ad-Hoc|Any CPU.Build.0 = Release|x86
		{C482258A-6941-4B7A-906E-C35D1AB2DFF4}.Ad-Hoc|Any CPU.Deploy.0 = Release|x86
		{C482258A-6941-4B7A-906E-C35D1AB2DFF4}.Ad-Hoc|ARM.ActiveCfg = Release|ARM
		{C482258A-6941-4B7A-906E-C35D1AB2DFF4}.Ad-Hoc|ARM.Build.0 = Release|ARM
		{C482258A-6941-4B7A-906E-C35D1AB2DFF4}.Ad-Hoc|ARM.Deploy.0 = Release|ARM
		{C482258A-6941-4B7A-906E-C35D1AB2DFF4}.Ad-Hoc|iPhone.ActiveCfg = Release|x86
		{C482258A-6941-4B7A-906E-C35D1AB2DFF4}.Ad-Hoc|iPhone.Build.0 = Release|x86
		{C482258A-6941-4B7A-906E-C35D1AB2DFF4}.Ad-Hoc|iPhone.Deploy.0 = Release|x86
		{C482258A-6941-4B7A-906E-C35D1AB2DFF4}.Ad-Hoc|iPhoneSimulator.ActiveCfg = Release|x86
		{C482258A-6941-4B7A-906E-C35D1AB2DFF4}.Ad-Hoc|iPhoneSimulator.Build.0 = Release|x86
		{C482258A-6941-4B7A-906E-C35D1AB2DFF4}.Ad-Hoc|iPhoneSimulator.Deploy.0 = Release|x86
		{C482258A-6941-4B7A-906E-C35D1AB2DFF4}.Ad-Hoc|x64.ActiveCfg = Release|x64
		{C482258A-6941-4B7A-906E-C35D1AB2DFF4}.Ad-Hoc|x64.Build.0 = Release|x64
		{C482258A-6941-4B7A-906E-C35D1AB2DFF4}.Ad-Hoc|x64.Deploy.0 = Release|x64
		{C482258A-6941-4B7A-906E-C35D1AB2DFF4}.Ad-Hoc|x86.ActiveCfg = Release|x86
		{C482258A-6941-4B7A-906E-C35D1AB2DFF4}.Ad-Hoc|x86.Build.0 = Release|x86
		{C482258A-6941-4B7A-906E-C35D1AB2DFF4}.Ad-Hoc|x86.Deploy.0 = Release|x86
		{C482258A-6941-4B7A-906E-C35D1AB2DFF4}.AppStore|Any CPU.ActiveCfg = Release|x86
		{C482258A-6941-4B7A-906E-C35D1AB2DFF4}.AppStore|Any CPU.Build.0 = Release|x86
		{C482258A-6941-4B7A-906E-C35D1AB2DFF4}.AppStore|Any CPU.Deploy.0 = Release|x86
		{C482258A-6941-4B7A-906E-C35D1AB2DFF4}.AppStore|ARM.ActiveCfg = Release|ARM
		{C482258A-6941-4B7A-906E-C35D1AB2DFF4}.AppStore|ARM.Build.0 = Release|ARM
		{C482258A-6941-4B7A-906E-C35D1AB2DFF4}.AppStore|ARM.Deploy.0 = Release|ARM
		{C482258A-6941-4B7A-906E-C35D1AB2DFF4}.AppStore|iPhone.ActiveCfg = Release|x86
		{C482258A-6941-4B7A-906E-C35D1AB2DFF4}.AppStore|iPhone.Build.0 = Release|x86
		{C482258A-6941-4B7A-906E-C35D1AB2DFF4}.AppStore|iPhone.Deploy.0 = Release|x86
		{C482258A-6941-4B7A-906E-C35D1AB2DFF4}.AppStore|iPhoneSimulator.ActiveCfg = Release|x86
		{C482258A-6941-4B7A-906E-C35D1AB2DFF4}.AppStore|iPhoneSimulator.Build.0 = Release|x86
		{C482258A-6941-4B7A-906E-C35D1AB2DFF4}.AppStore|iPhoneSimulator.Deploy.0 = Release|x86
		{C482258A-6941-4B7A-906E-C35D1AB2DFF4}.AppStore|x64.ActiveCfg = Release|x64
		{C482258A-6941-4B7A-906E-C35D1AB2DFF4}.AppStore|x64.Build.0 = Release|x64
		{C482258A-6941-4B7A-906E-C35D1AB2DFF4}.AppStore|x64.Deploy.0 = Release|x64
		{C482258A-6941-4B7A-906E-C35D1AB2DFF4}.AppStore|x86.ActiveCfg = Release|x86
		{C482258A-6941-4B7A-906E-C35D1AB2DFF4}.AppStore|x86.Build.0 = Release|x86
		{C482258A-6941-4B7A-906E-C35D1AB2DFF4}.AppStore|x86.Deploy.0 = Release|x86
		{C482258A-6941-4B7A-906E-C35D1AB2DFF4}.Debug|Any CPU.ActiveCfg = Debug|x86
		{C482258A-6941-4B7A-906E-C35D1AB2DFF4}.Debug|ARM.ActiveCfg = Debug|ARM
		{C482258A-6941-4B7A-906E-C35D1AB2DFF4}.Debug|ARM.Build.0 = Debug|ARM
		{C482258A-6941-4B7A-906E-C35D1AB2DFF4}.Debug|ARM.Deploy.0 = Debug|ARM
		{C482258A-6941-4B7A-906E-C35D1AB2DFF4}.Debug|iPhone.ActiveCfg = Debug|x86
		{C482258A-6941-4B7A-906E-C35D1AB2DFF4}.Debug|iPhoneSimulator.ActiveCfg = Debug|x86
		{C482258A-6941-4B7A-906E-C35D1AB2DFF4}.Debug|x64.ActiveCfg = Debug|x64
		{C482258A-6941-4B7A-906E-C35D1AB2DFF4}.Debug|x64.Build.0 = Debug|x64
		{C482258A-6941-4B7A-906E-C35D1AB2DFF4}.Debug|x64.Deploy.0 = Debug|x64
		{C482258A-6941-4B7A-906E-C35D1AB2DFF4}.Debug|x86.ActiveCfg = Debug|x86
		{C482258A-6941-4B7A-906E-C35D1AB2DFF4}.Debug|x86.Build.0 = Debug|x86
		{C482258A-6941-4B7A-906E-C35D1AB2DFF4}.Debug|x86.Deploy.0 = Debug|x86
		{C482258A-6941-4B7A-906E-C35D1AB2DFF4}.Release|Any CPU.ActiveCfg = Release|x86
		{C482258A-6941-4B7A-906E-C35D1AB2DFF4}.Release|ARM.ActiveCfg = Release|ARM
		{C482258A-6941-4B7A-906E-C35D1AB2DFF4}.Release|ARM.Build.0 = Release|ARM
		{C482258A-6941-4B7A-906E-C35D1AB2DFF4}.Release|ARM.Deploy.0 = Release|ARM
		{C482258A-6941-4B7A-906E-C35D1AB2DFF4}.Release|iPhone.ActiveCfg = Release|x86
		{C482258A-6941-4B7A-906E-C35D1AB2DFF4}.Release|iPhoneSimulator.ActiveCfg = Release|x86
		{C482258A-6941-4B7A-906E-C35D1AB2DFF4}.Release|x64.ActiveCfg = Release|x64
		{C482258A-6941-4B7A-906E-C35D1AB2DFF4}.Release|x64.Build.0 = Release|x64
		{C482258A-6941-4B7A-906E-C35D1AB2DFF4}.Release|x64.Deploy.0 = Release|x64
		{C482258A-6941-4B7A-906E-C35D1AB2DFF4}.Release|x86.ActiveCfg = Release|x86
		{C482258A-6941-4B7A-906E-C35D1AB2DFF4}.Release|x86.Build.0 = Release|x86
		{C482258A-6941-4B7A-906E-C35D1AB2DFF4}.Release|x86.Deploy.0 = Release|x86
		{A55BA2F7-1C6D-40CD-ABAB-5B8025993298}.Ad-Hoc|Any CPU.ActiveCfg = Debug|Any CPU
		{A55BA2F7-1C6D-40CD-ABAB-5B8025993298}.Ad-Hoc|Any CPU.Build.0 = Debug|Any CPU
		{A55BA2F7-1C6D-40CD-ABAB-5B8025993298}.Ad-Hoc|ARM.ActiveCfg = Debug|Any CPU
		{A55BA2F7-1C6D-40CD-ABAB-5B8025993298}.Ad-Hoc|ARM.Build.0 = Debug|Any CPU
		{A55BA2F7-1C6D-40CD-ABAB-5B8025993298}.Ad-Hoc|iPhone.ActiveCfg = Debug|Any CPU
		{A55BA2F7-1C6D-40CD-ABAB-5B8025993298}.Ad-Hoc|iPhone.Build.0 = Debug|Any CPU
		{A55BA2F7-1C6D-40CD-ABAB-5B8025993298}.Ad-Hoc|iPhoneSimulator.ActiveCfg = Debug|Any CPU
		{A55BA2F7-1C6D-40CD-ABAB-5B8025993298}.Ad-Hoc|iPhoneSimulator.Build.0 = Debug|Any CPU
		{A55BA2F7-1C6D-40CD-ABAB-5B8025993298}.Ad-Hoc|x64.ActiveCfg = Debug|Any CPU
		{A55BA2F7-1C6D-40CD-ABAB-5B8025993298}.Ad-Hoc|x64.Build.0 = Debug|Any CPU
		{A55BA2F7-1C6D-40CD-ABAB-5B8025993298}.Ad-Hoc|x86.ActiveCfg = Debug|Any CPU
		{A55BA2F7-1C6D-40CD-ABAB-5B8025993298}.Ad-Hoc|x86.Build.0 = Debug|Any CPU
		{A55BA2F7-1C6D-40CD-ABAB-5B8025993298}.AppStore|Any CPU.ActiveCfg = Debug|Any CPU
		{A55BA2F7-1C6D-40CD-ABAB-5B8025993298}.AppStore|Any CPU.Build.0 = Debug|Any CPU
		{A55BA2F7-1C6D-40CD-ABAB-5B8025993298}.AppStore|ARM.ActiveCfg = Debug|Any CPU
		{A55BA2F7-1C6D-40CD-ABAB-5B8025993298}.AppStore|ARM.Build.0 = Debug|Any CPU
		{A55BA2F7-1C6D-40CD-ABAB-5B8025993298}.AppStore|iPhone.ActiveCfg = Debug|Any CPU
		{A55BA2F7-1C6D-40CD-ABAB-5B8025993298}.AppStore|iPhone.Build.0 = Debug|Any CPU
		{A55BA2F7-1C6D-40CD-ABAB-5B8025993298}.AppStore|iPhoneSimulator.ActiveCfg = Debug|Any CPU
		{A55BA2F7-1C6D-40CD-ABAB-5B8025993298}.AppStore|iPhoneSimulator.Build.0 = Debug|Any CPU
		{A55BA2F7-1C6D-40CD-ABAB-5B8025993298}.AppStore|x64.ActiveCfg = Debug|Any CPU
		{A55BA2F7-1C6D-40CD-ABAB-5B8025993298}.AppStore|x64.Build.0 = Debug|Any CPU
		{A55BA2F7-1C6D-40CD-ABAB-5B8025993298}.AppStore|x86.ActiveCfg = Debug|Any CPU
		{A55BA2F7-1C6D-40CD-ABAB-5B8025993298}.AppStore|x86.Build.0 = Debug|Any CPU
		{A55BA2F7-1C6D-40CD-ABAB-5B8025993298}.Debug|Any CPU.ActiveCfg = Debug|Any CPU
		{A55BA2F7-1C6D-40CD-ABAB-5B8025993298}.Debug|Any CPU.Build.0 = Debug|Any CPU
		{A55BA2F7-1C6D-40CD-ABAB-5B8025993298}.Debug|ARM.ActiveCfg = Debug|Any CPU
		{A55BA2F7-1C6D-40CD-ABAB-5B8025993298}.Debug|ARM.Build.0 = Debug|Any CPU
		{A55BA2F7-1C6D-40CD-ABAB-5B8025993298}.Debug|iPhone.ActiveCfg = Debug|Any CPU
		{A55BA2F7-1C6D-40CD-ABAB-5B8025993298}.Debug|iPhone.Build.0 = Debug|Any CPU
		{A55BA2F7-1C6D-40CD-ABAB-5B8025993298}.Debug|iPhoneSimulator.ActiveCfg = Debug|Any CPU
		{A55BA2F7-1C6D-40CD-ABAB-5B8025993298}.Debug|iPhoneSimulator.Build.0 = Debug|Any CPU
		{A55BA2F7-1C6D-40CD-ABAB-5B8025993298}.Debug|x64.ActiveCfg = Debug|Any CPU
		{A55BA2F7-1C6D-40CD-ABAB-5B8025993298}.Debug|x64.Build.0 = Debug|Any CPU
		{A55BA2F7-1C6D-40CD-ABAB-5B8025993298}.Debug|x86.ActiveCfg = Debug|Any CPU
		{A55BA2F7-1C6D-40CD-ABAB-5B8025993298}.Debug|x86.Build.0 = Debug|Any CPU
		{A55BA2F7-1C6D-40CD-ABAB-5B8025993298}.Release|Any CPU.ActiveCfg = Release|Any CPU
		{A55BA2F7-1C6D-40CD-ABAB-5B8025993298}.Release|Any CPU.Build.0 = Release|Any CPU
		{A55BA2F7-1C6D-40CD-ABAB-5B8025993298}.Release|ARM.ActiveCfg = Release|Any CPU
		{A55BA2F7-1C6D-40CD-ABAB-5B8025993298}.Release|ARM.Build.0 = Release|Any CPU
		{A55BA2F7-1C6D-40CD-ABAB-5B8025993298}.Release|iPhone.ActiveCfg = Release|Any CPU
		{A55BA2F7-1C6D-40CD-ABAB-5B8025993298}.Release|iPhone.Build.0 = Release|Any CPU
		{A55BA2F7-1C6D-40CD-ABAB-5B8025993298}.Release|iPhoneSimulator.ActiveCfg = Release|Any CPU
		{A55BA2F7-1C6D-40CD-ABAB-5B8025993298}.Release|iPhoneSimulator.Build.0 = Release|Any CPU
		{A55BA2F7-1C6D-40CD-ABAB-5B8025993298}.Release|x64.ActiveCfg = Release|Any CPU
		{A55BA2F7-1C6D-40CD-ABAB-5B8025993298}.Release|x64.Build.0 = Release|Any CPU
		{A55BA2F7-1C6D-40CD-ABAB-5B8025993298}.Release|x86.ActiveCfg = Release|Any CPU
		{A55BA2F7-1C6D-40CD-ABAB-5B8025993298}.Release|x86.Build.0 = Release|Any CPU
	EndGlobalSection
	GlobalSection(SolutionProperties) = preSolution
		HideSolutionNode = FALSE
	EndGlobalSection
	GlobalSection(ExtensibilityGlobals) = postSolution
		SolutionGuid = {E0304DD6-5801-445C-BA62-05893A87BBD4}
	EndGlobalSection
EndGlobal
